// !$*UTF8*$!
{
	archiveVersion = 1;
	classes = {
	};
	objectVersion = 56;
	objects = {

/* Begin PBXBuildFile section */
		0AB261E629E9935100BEB845 /* AppDelegate.swift in Sources */ = {isa = PBXBuildFile; fileRef = 0AB261E529E9935100BEB845 /* AppDelegate.swift */; };
		0AB261E829E9935100BEB845 /* SceneDelegate.swift in Sources */ = {isa = PBXBuildFile; fileRef = 0AB261E729E9935100BEB845 /* SceneDelegate.swift */; };
		0AB261EA29E9935100BEB845 /* ViewController.swift in Sources */ = {isa = PBXBuildFile; fileRef = 0AB261E929E9935100BEB845 /* ViewController.swift */; };
		0AB261ED29E9935100BEB845 /* Main.storyboard in Resources */ = {isa = PBXBuildFile; fileRef = 0AB261EB29E9935100BEB845 /* Main.storyboard */; };
		0AB261EF29E9935100BEB845 /* Assets.xcassets in Resources */ = {isa = PBXBuildFile; fileRef = 0AB261EE29E9935100BEB845 /* Assets.xcassets */; };
		0AB261F229E9935100BEB845 /* LaunchScreen.storyboard in Resources */ = {isa = PBXBuildFile; fileRef = 0AB261F029E9935100BEB845 /* LaunchScreen.storyboard */; };
		0AB261FD29E9935100BEB845 /* CatchTheKennyGameTests.swift in Sources */ = {isa = PBXBuildFile; fileRef = 0AB261FC29E9935100BEB845 /* CatchTheKennyGameTests.swift */; };
		0AB2620729E9935100BEB845 /* CatchTheKennyGameUITests.swift in Sources */ = {isa = PBXBuildFile; fileRef = 0AB2620629E9935100BEB845 /* CatchTheKennyGameUITests.swift */; };
		0AB2620929E9935100BEB845 /* CatchTheKennyGameUITestsLaunchTests.swift in Sources */ = {isa = PBXBuildFile; fileRef = 0AB2620829E9935100BEB845 /* CatchTheKennyGameUITestsLaunchTests.swift */; };
/* End PBXBuildFile section */

/* Begin PBXContainerItemProxy section */
		0AB261F929E9935100BEB845 /* PBXContainerItemProxy */ = {
			isa = PBXContainerItemProxy;
			containerPortal = 0AB261DA29E9935100BEB845 /* Project object */;
			proxyType = 1;
			remoteGlobalIDString = 0AB261E129E9935100BEB845;
			remoteInfo = CatchTheKennyGame;
		};
		0AB2620329E9935100BEB845 /* PBXContainerItemProxy */ = {
			isa = PBXContainerItemProxy;
			containerPortal = 0AB261DA29E9935100BEB845 /* Project object */;
			proxyType = 1;
			remoteGlobalIDString = 0AB261E129E9935100BEB845;
			remoteInfo = CatchTheKennyGame;
		};
/* End PBXContainerItemProxy section */

/* Begin PBXFileReference section */
		0AB261E229E9935100BEB845 /* CatchTheKennyGame.app */ = {isa = PBXFileReference; explicitFileType = wrapper.application; includeInIndex = 0; path = CatchTheKennyGame.app; sourceTree = BUILT_PRODUCTS_DIR; };
		0AB261E529E9935100BEB845 /* AppDelegate.swift */ = {isa = PBXFileReference; lastKnownFileType = sourcecode.swift; path = AppDelegate.swift; sourceTree = "<group>"; };
		0AB261E729E9935100BEB845 /* SceneDelegate.swift */ = {isa = PBXFileReference; lastKnownFileType = sourcecode.swift; path = SceneDelegate.swift; sourceTree = "<group>"; };
		0AB261E929E9935100BEB845 /* ViewController.swift */ = {isa = PBXFileReference; lastKnownFileType = sourcecode.swift; path = ViewController.swift; sourceTree = "<group>"; };
		0AB261EC29E9935100BEB845 /* Base */ = {isa = PBXFileReference; lastKnownFileType = file.storyboard; name = Base; path = Base.lproj/Main.storyboard; sourceTree = "<group>"; };
		0AB261EE29E9935100BEB845 /* Assets.xcassets */ = {isa = PBXFileReference; lastKnownFileType = folder.assetcatalog; path = Assets.xcassets; sourceTree = "<group>"; };
		0AB261F129E9935100BEB845 /* Base */ = {isa = PBXFileReference; lastKnownFileType = file.storyboard; name = Base; path = Base.lproj/LaunchScreen.storyboard; sourceTree = "<group>"; };
		0AB261F329E9935100BEB845 /* Info.plist */ = {isa = PBXFileReference; lastKnownFileType = text.plist.xml; path = Info.plist; sourceTree = "<group>"; };
		0AB261F829E9935100BEB845 /* CatchTheKennyGameTests.xctest */ = {isa = PBXFileReference; explicitFileType = wrapper.cfbundle; includeInIndex = 0; path = CatchTheKennyGameTests.xctest; sourceTree = BUILT_PRODUCTS_DIR; };
		0AB261FC29E9935100BEB845 /* CatchTheKennyGameTests.swift */ = {isa = PBXFileReference; lastKnownFileType = sourcecode.swift; path = CatchTheKennyGameTests.swift; sourceTree = "<group>"; };
		0AB2620229E9935100BEB845 /* CatchTheKennyGameUITests.xctest */ = {isa = PBXFileReference; explicitFileType = wrapper.cfbundle; includeInIndex = 0; path = CatchTheKennyGameUITests.xctest; sourceTree = BUILT_PRODUCTS_DIR; };
		0AB2620629E9935100BEB845 /* CatchTheKennyGameUITests.swift */ = {isa = PBXFileReference; lastKnownFileType = sourcecode.swift; path = CatchTheKennyGameUITests.swift; sourceTree = "<group>"; };
		0AB2620829E9935100BEB845 /* CatchTheKennyGameUITestsLaunchTests.swift */ = {isa = PBXFileReference; lastKnownFileType = sourcecode.swift; path = CatchTheKennyGameUITestsLaunchTests.swift; sourceTree = "<group>"; };
/* End PBXFileReference section */

/* Begin PBXFrameworksBuildPhase section */
		0AB261DF29E9935100BEB845 /* Frameworks */ = {
			isa = PBXFrameworksBuildPhase;
			buildActionMask = 2147483647;
			files = (
			);
			runOnlyForDeploymentPostprocessing = 0;
		};
		0AB261F529E9935100BEB845 /* Frameworks */ = {
			isa = PBXFrameworksBuildPhase;
			buildActionMask = 2147483647;
			files = (
			);
			runOnlyForDeploymentPostprocessing = 0;
		};
		0AB261FF29E9935100BEB845 /* Frameworks */ = {
			isa = PBXFrameworksBuildPhase;
			buildActionMask = 2147483647;
			files = (
			);
			runOnlyForDeploymentPostprocessing = 0;
		};
/* End PBXFrameworksBuildPhase section */

/* Begin PBXGroup section */
		0AB261D929E9935100BEB845 = {
			isa = PBXGroup;
			children = (
				0AB261E429E9935100BEB845 /* CatchTheKennyGame */,
				0AB261FB29E9935100BEB845 /* CatchTheKennyGameTests */,
				0AB2620529E9935100BEB845 /* CatchTheKennyGameUITests */,
				0AB261E329E9935100BEB845 /* Products */,
			);
			sourceTree = "<group>";
		};
		0AB261E329E9935100BEB845 /* Products */ = {
			isa = PBXGroup;
			children = (
				0AB261E229E9935100BEB845 /* CatchTheKennyGame.app */,
				0AB261F829E9935100BEB845 /* CatchTheKennyGameTests.xctest */,
				0AB2620229E9935100BEB845 /* CatchTheKennyGameUITests.xctest */,
			);
			name = Products;
			sourceTree = "<group>";
		};
		0AB261E429E9935100BEB845 /* CatchTheKennyGame */ = {
			isa = PBXGroup;
			children = (
				0AB261E529E9935100BEB845 /* AppDelegate.swift */,
				0AB261E729E9935100BEB845 /* SceneDelegate.swift */,
				0AB261E929E9935100BEB845 /* ViewController.swift */,
				0AB261EB29E9935100BEB845 /* Main.storyboard */,
				0AB261EE29E9935100BEB845 /* Assets.xcassets */,
				0AB261F029E9935100BEB845 /* LaunchScreen.storyboard */,
				0AB261F329E9935100BEB845 /* Info.plist */,
			);
			path = CatchTheKennyGame;
			sourceTree = "<group>";
		};
		0AB261FB29E9935100BEB845 /* CatchTheKennyGameTests */ = {
			isa = PBXGroup;
			children = (
				0AB261FC29E9935100BEB845 /* CatchTheKennyGameTests.swift */,
			);
			path = CatchTheKennyGameTests;
			sourceTree = "<group>";
		};
		0AB2620529E9935100BEB845 /* CatchTheKennyGameUITests */ = {
			isa = PBXGroup;
			children = (
				0AB2620629E9935100BEB845 /* CatchTheKennyGameUITests.swift */,
				0AB2620829E9935100BEB845 /* CatchTheKennyGameUITestsLaunchTests.swift */,
			);
			path = CatchTheKennyGameUITests;
			sourceTree = "<group>";
		};
/* End PBXGroup section */

/* Begin PBXNativeTarget section */
		0AB261E129E9935100BEB845 /* CatchTheKennyGame */ = {
			isa = PBXNativeTarget;
			buildConfigurationList = 0AB2620C29E9935100BEB845 /* Build configuration list for PBXNativeTarget "CatchTheKennyGame" */;
			buildPhases = (
				0AB261DE29E9935100BEB845 /* Sources */,
				0AB261DF29E9935100BEB845 /* Frameworks */,
				0AB261E029E9935100BEB845 /* Resources */,
			);
			buildRules = (
			);
			dependencies = (
			);
			name = CatchTheKennyGame;
			productName = CatchTheKennyGame;
			productReference = 0AB261E229E9935100BEB845 /* CatchTheKennyGame.app */;
			productType = "com.apple.product-type.application";
		};
		0AB261F729E9935100BEB845 /* CatchTheKennyGameTests */ = {
			isa = PBXNativeTarget;
			buildConfigurationList = 0AB2620F29E9935100BEB845 /* Build configuration list for PBXNativeTarget "CatchTheKennyGameTests" */;
			buildPhases = (
				0AB261F429E9935100BEB845 /* Sources */,
				0AB261F529E9935100BEB845 /* Frameworks */,
				0AB261F629E9935100BEB845 /* Resources */,
			);
			buildRules = (
			);
			dependencies = (
				0AB261FA29E9935100BEB845 /* PBXTargetDependency */,
			);
			name = CatchTheKennyGameTests;
			productName = CatchTheKennyGameTests;
			productReference = 0AB261F829E9935100BEB845 /* CatchTheKennyGameTests.xctest */;
			productType = "com.apple.product-type.bundle.unit-test";
		};
		0AB2620129E9935100BEB845 /* CatchTheKennyGameUITests */ = {
			isa = PBXNativeTarget;
			buildConfigurationList = 0AB2621229E9935100BEB845 /* Build configuration list for PBXNativeTarget "CatchTheKennyGameUITests" */;
			buildPhases = (
				0AB261FE29E9935100BEB845 /* Sources */,
				0AB261FF29E9935100BEB845 /* Frameworks */,
				0AB2620029E9935100BEB845 /* Resources */,
			);
			buildRules = (
			);
			dependencies = (
				0AB2620429E9935100BEB845 /* PBXTargetDependency */,
			);
			name = CatchTheKennyGameUITests;
			productName = CatchTheKennyGameUITests;
			productReference = 0AB2620229E9935100BEB845 /* CatchTheKennyGameUITests.xctest */;
			productType = "com.apple.product-type.bundle.ui-testing";
		};
/* End PBXNativeTarget section */

/* Begin PBXProject section */
		0AB261DA29E9935100BEB845 /* Project object */ = {
			isa = PBXProject;
			attributes = {
				BuildIndependentTargetsInParallel = 1;
				LastSwiftUpdateCheck = 1430;
				LastUpgradeCheck = 1430;
				TargetAttributes = {
					0AB261E129E9935100BEB845 = {
						CreatedOnToolsVersion = 14.3;
					};
					0AB261F729E9935100BEB845 = {
						CreatedOnToolsVersion = 14.3;
						TestTargetID = 0AB261E129E9935100BEB845;
					};
					0AB2620129E9935100BEB845 = {
						CreatedOnToolsVersion = 14.3;
						TestTargetID = 0AB261E129E9935100BEB845;
					};
				};
			};
			buildConfigurationList = 0AB261DD29E9935100BEB845 /* Build configuration list for PBXProject "CatchTheKennyGame" */;
			compatibilityVersion = "Xcode 14.0";
			developmentRegion = en;
			hasScannedForEncodings = 0;
			knownRegions = (
				en,
				Base,
			);
			mainGroup = 0AB261D929E9935100BEB845;
			productRefGroup = 0AB261E329E9935100BEB845 /* Products */;
			projectDirPath = "";
			projectRoot = "";
			targets = (
				0AB261E129E9935100BEB845 /* CatchTheKennyGame */,
				0AB261F729E9935100BEB845 /* CatchTheKennyGameTests */,
				0AB2620129E9935100BEB845 /* CatchTheKennyGameUITests */,
			);
		};
/* End PBXProject section */

/* Begin PBXResourcesBuildPhase section */
		0AB261E029E9935100BEB845 /* Resources */ = {
			isa = PBXResourcesBuildPhase;
			buildActionMask = 2147483647;
			files = (
				0AB261F229E9935100BEB845 /* LaunchScreen.storyboard in Resources */,
				0AB261EF29E9935100BEB845 /* Assets.xcassets in Resources */,
				0AB261ED29E9935100BEB845 /* Main.storyboard in Resources */,
			);
			runOnlyForDeploymentPostprocessing = 0;
		};
		0AB261F629E9935100BEB845 /* Resources */ = {
			isa = PBXResourcesBuildPhase;
			buildActionMask = 2147483647;
			files = (
			);
			runOnlyForDeploymentPostprocessing = 0;
		};
		0AB2620029E9935100BEB845 /* Resources */ = {
			isa = PBXResourcesBuildPhase;
			buildActionMask = 2147483647;
			files = (
			);
			runOnlyForDeploymentPostprocessing = 0;
		};
/* End PBXResourcesBuildPhase section */

/* Begin PBXSourcesBuildPhase section */
		0AB261DE29E9935100BEB845 /* Sources */ = {
			isa = PBXSourcesBuildPhase;
			buildActionMask = 2147483647;
			files = (
				0AB261EA29E9935100BEB845 /* ViewController.swift in Sources */,
				0AB261E629E9935100BEB845 /* AppDelegate.swift in Sources */,
				0AB261E829E9935100BEB845 /* SceneDelegate.swift in Sources */,
			);
			runOnlyForDeploymentPostprocessing = 0;
		};
		0AB261F429E9935100BEB845 /* Sources */ = {
			isa = PBXSourcesBuildPhase;
			buildActionMask = 2147483647;
			files = (
				0AB261FD29E9935100BEB845 /* CatchTheKennyGameTests.swift in Sources */,
			);
			runOnlyForDeploymentPostprocessing = 0;
		};
		0AB261FE29E9935100BEB845 /* Sources */ = {
			isa = PBXSourcesBuildPhase;
			buildActionMask = 2147483647;
			files = (
				0AB2620929E9935100BEB845 /* CatchTheKennyGameUITestsLaunchTests.swift in Sources */,
				0AB2620729E9935100BEB845 /* CatchTheKennyGameUITests.swift in Sources */,
			);
			runOnlyForDeploymentPostprocessing = 0;
		};
/* End PBXSourcesBuildPhase section */

/* Begin PBXTargetDependency section */
		0AB261FA29E9935100BEB845 /* PBXTargetDependency */ = {
			isa = PBXTargetDependency;
			target = 0AB261E129E9935100BEB845 /* CatchTheKennyGame */;
			targetProxy = 0AB261F929E9935100BEB845 /* PBXContainerItemProxy */;
		};
		0AB2620429E9935100BEB845 /* PBXTargetDependency */ = {
			isa = PBXTargetDependency;
			target = 0AB261E129E9935100BEB845 /* CatchTheKennyGame */;
			targetProxy = 0AB2620329E9935100BEB845 /* PBXContainerItemProxy */;
		};
/* End PBXTargetDependency section */

/* Begin PBXVariantGroup section */
		0AB261EB29E9935100BEB845 /* Main.storyboard */ = {
			isa = PBXVariantGroup;
			children = (
				0AB261EC29E9935100BEB845 /* Base */,
			);
			name = Main.storyboard;
			sourceTree = "<group>";
		};
		0AB261F029E9935100BEB845 /* LaunchScreen.storyboard */ = {
			isa = PBXVariantGroup;
			children = (
				0AB261F129E9935100BEB845 /* Base */,
			);
			name = LaunchScreen.storyboard;
			sourceTree = "<group>";
		};
/* End PBXVariantGroup section */

/* Begin XCBuildConfiguration section */
		0AB2620A29E9935100BEB845 /* Debug */ = {
			isa = XCBuildConfiguration;
			buildSettings = {
				ALWAYS_SEARCH_USER_PATHS = NO;
				CLANG_ANALYZER_NONNULL = YES;
				CLANG_ANALYZER_NUMBER_OBJECT_CONVERSION = YES_AGGRESSIVE;
				CLANG_CXX_LANGUAGE_STANDARD = "gnu++20";
				CLANG_ENABLE_MODULES = YES;
				CLANG_ENABLE_OBJC_ARC = YES;
				CLANG_ENABLE_OBJC_WEAK = YES;
				CLANG_WARN_BLOCK_CAPTURE_AUTORELEASING = YES;
				CLANG_WARN_BOOL_CONVERSION = YES;
				CLANG_WARN_COMMA = YES;
				CLANG_WARN_CONSTANT_CONVERSION = YES;
				CLANG_WARN_DEPRECATED_OBJC_IMPLEMENTATIONS = YES;
				CLANG_WARN_DIRECT_OBJC_ISA_USAGE = YES_ERROR;
				CLANG_WARN_DOCUMENTATION_COMMENTS = YES;
				CLANG_WARN_EMPTY_BODY = YES;
				CLANG_WARN_ENUM_CONVERSION = YES;
				CLANG_WARN_INFINITE_RECURSION = YES;
				CLANG_WARN_INT_CONVERSION = YES;
				CLANG_WARN_NON_LITERAL_NULL_CONVERSION = YES;
				CLANG_WARN_OBJC_IMPLICIT_RETAIN_SELF = YES;
				CLANG_WARN_OBJC_LITERAL_CONVERSION = YES;
				CLANG_WARN_OBJC_ROOT_CLASS = YES_ERROR;
				CLANG_WARN_QUOTED_INCLUDE_IN_FRAMEWORK_HEADER = YES;
				CLANG_WARN_RANGE_LOOP_ANALYSIS = YES;
				CLANG_WARN_STRICT_PROTOTYPES = YES;
				CLANG_WARN_SUSPICIOUS_MOVE = YES;
				CLANG_WARN_UNGUARDED_AVAILABILITY = YES_AGGRESSIVE;
				CLANG_WARN_UNREACHABLE_CODE = YES;
				CLANG_WARN__DUPLICATE_METHOD_MATCH = YES;
				COPY_PHASE_STRIP = NO;
				DEBUG_INFORMATION_FORMAT = dwarf;
				ENABLE_STRICT_OBJC_MSGSEND = YES;
				ENABLE_TESTABILITY = YES;
				GCC_C_LANGUAGE_STANDARD = gnu11;
				GCC_DYNAMIC_NO_PIC = NO;
				GCC_NO_COMMON_BLOCKS = YES;
				GCC_OPTIMIZATION_LEVEL = 0;
				GCC_PREPROCESSOR_DEFINITIONS = (
					"DEBUG=1",
					"$(inherited)",
				);
				GCC_WARN_64_TO_32_BIT_CONVERSION = YES;
				GCC_WARN_ABOUT_RETURN_TYPE = YES_ERROR;
				GCC_WARN_UNDECLARED_SELECTOR = YES;
				GCC_WARN_UNINITIALIZED_AUTOS = YES_AGGRESSIVE;
				GCC_WARN_UNUSED_FUNCTION = YES;
				GCC_WARN_UNUSED_VARIABLE = YES;
				IPHONEOS_DEPLOYMENT_TARGET = 16.4;
				MTL_ENABLE_DEBUG_INFO = INCLUDE_SOURCE;
				MTL_FAST_MATH = YES;
				ONLY_ACTIVE_ARCH = YES;
				SDKROOT = iphoneos;
				SWIFT_ACTIVE_COMPILATION_CONDITIONS = DEBUG;
				SWIFT_OPTIMIZATION_LEVEL = "-Onone";
			};
			name = Debug;
		};
		0AB2620B29E9935100BEB845 /* Release */ = {
			isa = XCBuildConfiguration;
			buildSettings = {
				ALWAYS_SEARCH_USER_PATHS = NO;
				CLANG_ANALYZER_NONNULL = YES;
				CLANG_ANALYZER_NUMBER_OBJECT_CONVERSION = YES_AGGRESSIVE;
				CLANG_CXX_LANGUAGE_STANDARD = "gnu++20";
				CLANG_ENABLE_MODULES = YES;
				CLANG_ENABLE_OBJC_ARC = YES;
				CLANG_ENABLE_OBJC_WEAK = YES;
				CLANG_WARN_BLOCK_CAPTURE_AUTORELEASING = YES;
				CLANG_WARN_BOOL_CONVERSION = YES;
				CLANG_WARN_COMMA = YES;
				CLANG_WARN_CONSTANT_CONVERSION = YES;
				CLANG_WARN_DEPRECATED_OBJC_IMPLEMENTATIONS = YES;
				CLANG_WARN_DIRECT_OBJC_ISA_USAGE = YES_ERROR;
				CLANG_WARN_DOCUMENTATION_COMMENTS = YES;
				CLANG_WARN_EMPTY_BODY = YES;
				CLANG_WARN_ENUM_CONVERSION = YES;
				CLANG_WARN_INFINITE_RECURSION = YES;
				CLANG_WARN_INT_CONVERSION = YES;
				CLANG_WARN_NON_LITERAL_NULL_CONVERSION = YES;
				CLANG_WARN_OBJC_IMPLICIT_RETAIN_SELF = YES;
				CLANG_WARN_OBJC_LITERAL_CONVERSION = YES;
				CLANG_WARN_OBJC_ROOT_CLASS = YES_ERROR;
				CLANG_WARN_QUOTED_INCLUDE_IN_FRAMEWORK_HEADER = YES;
				CLANG_WARN_RANGE_LOOP_ANALYSIS = YES;
				CLANG_WARN_STRICT_PROTOTYPES = YES;
				CLANG_WARN_SUSPICIOUS_MOVE = YES;
				CLANG_WARN_UNGUARDED_AVAILABILITY = YES_AGGRESSIVE;
				CLANG_WARN_UNREACHABLE_CODE = YES;
				CLANG_WARN__DUPLICATE_METHOD_MATCH = YES;
				COPY_PHASE_STRIP = NO;
				DEBUG_INFORMATION_FORMAT = "dwarf-with-dsym";
				ENABLE_NS_ASSERTIONS = NO;
				ENABLE_STRICT_OBJC_MSGSEND = YES;
				GCC_C_LANGUAGE_STANDARD = gnu11;
				GCC_NO_COMMON_BLOCKS = YES;
				GCC_WARN_64_TO_32_BIT_CONVERSION = YES;
				GCC_WARN_ABOUT_RETURN_TYPE = YES_ERROR;
				GCC_WARN_UNDECLARED_SELECTOR = YES;
				GCC_WARN_UNINITIALIZED_AUTOS = YES_AGGRESSIVE;
				GCC_WARN_UNUSED_FUNCTION = YES;
				GCC_WARN_UNUSED_VARIABLE = YES;
				IPHONEOS_DEPLOYMENT_TARGET = 16.4;
				MTL_ENABLE_DEBUG_INFO = NO;
				MTL_FAST_MATH = YES;
				SDKROOT = iphoneos;
				SWIFT_COMPILATION_MODE = wholemodule;
				SWIFT_OPTIMIZATION_LEVEL = "-O";
				VALIDATE_PRODUCT = YES;
			};
			name = Release;
		};
		0AB2620D29E9935100BEB845 /* Debug */ = {
			isa = XCBuildConfiguration;
			buildSettings = {
				ASSETCATALOG_COMPILER_APPICON_NAME = AppIcon;
				ASSETCATALOG_COMPILER_GLOBAL_ACCENT_COLOR_NAME = AccentColor;
				CODE_SIGN_STYLE = Automatic;
				CURRENT_PROJECT_VERSION = 1;
				DEVELOPMENT_TEAM = Q3YUWP37C3;
				GENERATE_INFOPLIST_FILE = YES;
				INFOPLIST_FILE = CatchTheKennyGame/Info.plist;
				INFOPLIST_KEY_UIApplicationSupportsIndirectInputEvents = YES;
				INFOPLIST_KEY_UILaunchStoryboardName = LaunchScreen;
				INFOPLIST_KEY_UIMainStoryboardFile = Main;
				INFOPLIST_KEY_UISupportedInterfaceOrientations_iPad = "UIInterfaceOrientationPortrait UIInterfaceOrientationPortraitUpsideDown UIInterfaceOrientationLandscapeLeft UIInterfaceOrientationLandscapeRight";
				INFOPLIST_KEY_UISupportedInterfaceOrientations_iPhone = "UIInterfaceOrientationPortrait UIInterfaceOrientationLandscapeLeft UIInterfaceOrientationLandscapeRight";
				LD_RUNPATH_SEARCH_PATHS = (
					"$(inherited)",
					"@executable_path/Frameworks",
				);
				MARKETING_VERSION = 1.0;
				PRODUCT_BUNDLE_IDENTIFIER = com.oznur.CatchTheKennyGame;
				PRODUCT_NAME = "$(TARGET_NAME)";
				SWIFT_EMIT_LOC_STRINGS = YES;
				SWIFT_VERSION = 5.0;
				TARGETED_DEVICE_FAMILY = "1,2";
			};
			name = Debug;
		};
		0AB2620E29E9935100BEB845 /* Release */ = {
			isa = XCBuildConfiguration;
			buildSettings = {
				ASSETCATALOG_COMPILER_APPICON_NAME = AppIcon;
				ASSETCATALOG_COMPILER_GLOBAL_ACCENT_COLOR_NAME = AccentColor;
				CODE_SIGN_STYLE = Automatic;
				CURRENT_PROJECT_VERSION = 1;
				DEVELOPMENT_TEAM = Q3YUWP37C3;
				GENERATE_INFOPLIST_FILE = YES;
				INFOPLIST_FILE = CatchTheKennyGame/Info.plist;
				INFOPLIST_KEY_UIApplicationSupportsIndirectInputEvents = YES;
				INFOPLIST_KEY_UILaunchStoryboardName = LaunchScreen;
				INFOPLIST_KEY_UIMainStoryboardFile = Main;
				INFOPLIST_KEY_UISupportedInterfaceOrientations_iPad = "UIInterfaceOrientationPortrait UIInterfaceOrientationPortraitUpsideDown UIInterfaceOrientationLandscapeLeft UIInterfaceOrientationLandscapeRight";
				INFOPLIST_KEY_UISupportedInterfaceOrientations_iPhone = "UIInterfaceOrientationPortrait UIInterfaceOrientationLandscapeLeft UIInterfaceOrientationLandscapeRight";
				LD_RUNPATH_SEARCH_PATHS = (
					"$(inherited)",
					"@executable_path/Frameworks",
				);
				MARKETING_VERSION = 1.0;
				PRODUCT_BUNDLE_IDENTIFIER = com.oznur.CatchTheKennyGame;
				PRODUCT_NAME = "$(TARGET_NAME)";
				SWIFT_EMIT_LOC_STRINGS = YES;
				SWIFT_VERSION = 5.0;
				TARGETED_DEVICE_FAMILY = "1,2";
			};
			name = Release;
		};
		0AB2621029E9935100BEB845 /* Debug */ = {
			isa = XCBuildConfiguration;
			buildSettings = {
				ALWAYS_EMBED_SWIFT_STANDARD_LIBRARIES = YES;
				BUNDLE_LOADER = "$(TEST_HOST)";
				CODE_SIGN_STYLE = Automatic;
				CURRENT_PROJECT_VERSION = 1;
				DEVELOPMENT_TEAM = Q3YUWP37C3;
				GENERATE_INFOPLIST_FILE = YES;
				IPHONEOS_DEPLOYMENT_TARGET = 16.4;
				MARKETING_VERSION = 1.0;
				PRODUCT_BUNDLE_IDENTIFIER = com.oznur.CatchTheKennyGameTests;
				PRODUCT_NAME = "$(TARGET_NAME)";
				SWIFT_EMIT_LOC_STRINGS = NO;
				SWIFT_VERSION = 5.0;
				TARGETED_DEVICE_FAMILY = "1,2";
				TEST_HOST = "$(BUILT_PRODUCTS_DIR)/CatchTheKennyGame.app/$(BUNDLE_EXECUTABLE_FOLDER_PATH)/CatchTheKennyGame";
			};
			name = Debug;
		};
		0AB2621129E9935100BEB845 /* Release */ = {
			isa = XCBuildConfiguration;
			buildSettings = {
				ALWAYS_EMBED_SWIFT_STANDARD_LIBRARIES = YES;
				BUNDLE_LOADER = "$(TEST_HOST)";
				CODE_SIGN_STYLE = Automatic;
				CURRENT_PROJECT_VERSION = 1;
				DEVELOPMENT_TEAM = Q3YUWP37C3;
				GENERATE_INFOPLIST_FILE = YES;
				IPHONEOS_DEPLOYMENT_TARGET = 16.4;
				MARKETING_VERSION = 1.0;
				PRODUCT_BUNDLE_IDENTIFIER = com.oznur.CatchTheKennyGameTests;
				PRODUCT_NAME = "$(TARGET_NAME)";
				SWIFT_EMIT_LOC_STRINGS = NO;
				SWIFT_VERSION = 5.0;
				TARGETED_DEVICE_FAMILY = "1,2";
				TEST_HOST = "$(BUILT_PRODUCTS_DIR)/CatchTheKennyGame.app/$(BUNDLE_EXECUTABLE_FOLDER_PATH)/CatchTheKennyGame";
			};
			name = Release;
		};
		0AB2621329E9935100BEB845 /* Debug */ = {
			isa = XCBuildConfiguration;
			buildSettings = {
				ALWAYS_EMBED_SWIFT_STANDARD_LIBRARIES = YES;
				CODE_SIGN_STYLE = Automatic;
				CURRENT_PROJECT_VERSION = 1;
				DEVELOPMENT_TEAM = Q3YUWP37C3;
				GENERATE_INFOPLIST_FILE = YES;
				MARKETING_VERSION = 1.0;
				PRODUCT_BUNDLE_IDENTIFIER = com.oznur.CatchTheKennyGameUITests;
				PRODUCT_NAME = "$(TARGET_NAME)";
				SWIFT_EMIT_LOC_STRINGS = NO;
				SWIFT_VERSION = 5.0;
				TARGETED_DEVICE_FAMILY = "1,2";
				TEST_TARGET_NAME = CatchTheKennyGame;
			};
			name = Debug;
		};
		0AB2621429E9935100BEB845 /* Release */ = {
			isa = XCBuildConfiguration;
			buildSettings = {
				ALWAYS_EMBED_SWIFT_STANDARD_LIBRARIES = YES;
				CODE_SIGN_STYLE = Automatic;
				CURRENT_PROJECT_VERSION = 1;
				DEVELOPMENT_TEAM = Q3YUWP37C3;
				GENERATE_INFOPLIST_FILE = YES;
				MARKETING_VERSION = 1.0;
				PRODUCT_BUNDLE_IDENTIFIER = com.oznur.CatchTheKennyGameUITests;
				PRODUCT_NAME = "$(TARGET_NAME)";
				SWIFT_EMIT_LOC_STRINGS = NO;
				SWIFT_VERSION = 5.0;
				TARGETED_DEVICE_FAMILY = "1,2";
				TEST_TARGET_NAME = CatchTheKennyGame;
			};
			name = Release;
		};
/* End XCBuildConfiguration section */

/* Begin XCConfigurationList section */
		0AB261DD29E9935100BEB845 /* Build configuration list for PBXProject "CatchTheKennyGame" */ = {
			isa = XCConfigurationList;
			buildConfigurations = (
				0AB2620A29E9935100BEB845 /* Debug */,
				0AB2620B29E9935100BEB845 /* Release */,
			);
			defaultConfigurationIsVisible = 0;
			defaultConfigurationName = Release;
		};
		0AB2620C29E9935100BEB845 /* Build configuration list for PBXNativeTarget "CatchTheKennyGame" */ = {
			isa = XCConfigurationList;
			buildConfigurations = (
				0AB2620D29E9935100BEB845 /* Debug */,
				0AB2620E29E9935100BEB845 /* Release */,
			);
			defaultConfigurationIsVisible = 0;
			defaultConfigurationName = Release;
		};
		0AB2620F29E9935100BEB845 /* Build configuration list for PBXNativeTarget "CatchTheKennyGameTests" */ = {
			isa = XCConfigurationList;
			buildConfigurations = (
				0AB2621029E9935100BEB845 /* Debug */,
				0AB2621129E9935100BEB845 /* Release */,
			);
			defaultConfigurationIsVisible = 0;
			defaultConfigurationName = Release;
		};
		0AB2621229E9935100BEB845 /* Build configuration list for PBXNativeTarget "CatchTheKennyGameUITests" */ = {
			isa = XCConfigurationList;
			buildConfigurations = (
				0AB2621329E9935100BEB845 /* Debug */,
				0AB2621429E9935100BEB845 /* Release */,
			);
			defaultConfigurationIsVisible = 0;
			defaultConfigurationName = Release;
		};
/* End XCConfigurationList section */
	};
	rootObject = 0AB261DA29E9935100BEB845 /* Project object */;
}
